// !$*UTF8*$!
{
	archiveVersion = 1;
	classes = {
	};
	objectVersion = 56;
	objects = {

/* Begin PBXBuildFile section */
		A119D38C2CF0364900AE00DF /* RecetaCompleta.swift in Sources */ = {isa = PBXBuildFile; fileRef = A119D38B2CF0364900AE00DF /* RecetaCompleta.swift */; };
		A119D38E2CF047AC00AE00DF /* RecetaUsuario.swift in Sources */ = {isa = PBXBuildFile; fileRef = A119D38D2CF047AC00AE00DF /* RecetaUsuario.swift */; };
		A11CBA5F2CE8DD5500CF7DB7 /* agregarReceta.swift in Sources */ = {isa = PBXBuildFile; fileRef = A11CBA5E2CE8DD5500CF7DB7 /* agregarReceta.swift */; };
		A11CBA612CE8DDB500CF7DB7 /* agregarIngredientes.swift in Sources */ = {isa = PBXBuildFile; fileRef = A11CBA602CE8DDB500CF7DB7 /* agregarIngredientes.swift */; };
		A11CBA632CE8E1A200CF7DB7 /* detalleReceta.swift in Sources */ = {isa = PBXBuildFile; fileRef = A11CBA622CE8E1A200CF7DB7 /* detalleReceta.swift */; };
		A12E89822CEE45DB008B8984 /* DatosJson.swift in Sources */ = {isa = PBXBuildFile; fileRef = A12E89812CEE45DB008B8984 /* DatosJson.swift */; };
		A12E89862CEE666C008B8984 /* lista.swift in Sources */ = {isa = PBXBuildFile; fileRef = A12E89852CEE666C008B8984 /* lista.swift */; };
		A12E89882CEE72B3008B8984 /* PerfilView.swift in Sources */ = {isa = PBXBuildFile; fileRef = A12E89872CEE72B3008B8984 /* PerfilView.swift */; };
		A12E898A2CEE8803008B8984 /* MainView.swift in Sources */ = {isa = PBXBuildFile; fileRef = A12E89892CEE8803008B8984 /* MainView.swift */; };
		A12E898C2CEE8831008B8984 /* MisRecetasView.swift in Sources */ = {isa = PBXBuildFile; fileRef = A12E898B2CEE8831008B8984 /* MisRecetasView.swift */; };
		A12E898E2CEE886A008B8984 /* ListaView.swift in Sources */ = {isa = PBXBuildFile; fileRef = A12E898D2CEE886A008B8984 /* ListaView.swift */; };
		A12E89902CEE88BC008B8984 /* EncabezadoView.swift in Sources */ = {isa = PBXBuildFile; fileRef = A12E898F2CEE88BC008B8984 /* EncabezadoView.swift */; };
		A12E89942CEE902D008B8984 /* Models.swift in Sources */ = {isa = PBXBuildFile; fileRef = A12E89932CEE902D008B8984 /* Models.swift */; };
		A12E89962CEE9464008B8984 /* RecetaCardView.swift in Sources */ = {isa = PBXBuildFile; fileRef = A12E89952CEE9464008B8984 /* RecetaCardView.swift */; };
		A1966D712CE8471000BFA083 /* Registrarse.swift in Sources */ = {isa = PBXBuildFile; fileRef = A1966D702CE8471000BFA083 /* Registrarse.swift */; };
		A1966D752CE84DC100BFA083 /* inicio.swift in Sources */ = {isa = PBXBuildFile; fileRef = A1966D742CE84DC100BFA083 /* inicio.swift */; };
		FB41AF592CDF9E620031C643 /* CocinaApp.swift in Sources */ = {isa = PBXBuildFile; fileRef = FB41AF582CDF9E620031C643 /* CocinaApp.swift */; };
		FB41AF5B2CDF9E620031C643 /* ContentView.swift in Sources */ = {isa = PBXBuildFile; fileRef = FB41AF5A2CDF9E620031C643 /* ContentView.swift */; };
		FB41AF5D2CDF9E640031C643 /* Assets.xcassets in Resources */ = {isa = PBXBuildFile; fileRef = FB41AF5C2CDF9E640031C643 /* Assets.xcassets */; };
		FB41AF612CDF9E640031C643 /* Preview Assets.xcassets in Resources */ = {isa = PBXBuildFile; fileRef = FB41AF602CDF9E640031C643 /* Preview Assets.xcassets */; };
/* End PBXBuildFile section */

/* Begin PBXFileReference section */
		A119D38B2CF0364900AE00DF /* RecetaCompleta.swift */ = {isa = PBXFileReference; lastKnownFileType = sourcecode.swift; path = RecetaCompleta.swift; sourceTree = "<group>"; };
		A119D38D2CF047AC00AE00DF /* RecetaUsuario.swift */ = {isa = PBXFileReference; lastKnownFileType = sourcecode.swift; path = RecetaUsuario.swift; sourceTree = "<group>"; };
		A11CBA5E2CE8DD5500CF7DB7 /* agregarReceta.swift */ = {isa = PBXFileReference; lastKnownFileType = sourcecode.swift; path = agregarReceta.swift; sourceTree = "<group>"; };
		A11CBA602CE8DDB500CF7DB7 /* agregarIngredientes.swift */ = {isa = PBXFileReference; lastKnownFileType = sourcecode.swift; path = agregarIngredientes.swift; sourceTree = "<group>"; };
		A11CBA622CE8E1A200CF7DB7 /* detalleReceta.swift */ = {isa = PBXFileReference; lastKnownFileType = sourcecode.swift; path = detalleReceta.swift; sourceTree = "<group>"; };
		A12E89812CEE45DB008B8984 /* DatosJson.swift */ = {isa = PBXFileReference; lastKnownFileType = sourcecode.swift; path = DatosJson.swift; sourceTree = "<group>"; };
		A12E89852CEE666C008B8984 /* lista.swift */ = {isa = PBXFileReference; lastKnownFileType = sourcecode.swift; path = lista.swift; sourceTree = "<group>"; };
		A12E89872CEE72B3008B8984 /* PerfilView.swift */ = {isa = PBXFileReference; lastKnownFileType = sourcecode.swift; path = PerfilView.swift; sourceTree = "<group>"; };
		A12E89892CEE8803008B8984 /* MainView.swift */ = {isa = PBXFileReference; lastKnownFileType = sourcecode.swift; path = MainView.swift; sourceTree = "<group>"; };
		A12E898B2CEE8831008B8984 /* MisRecetasView.swift */ = {isa = PBXFileReference; lastKnownFileType = sourcecode.swift; path = MisRecetasView.swift; sourceTree = "<group>"; };
		A12E898D2CEE886A008B8984 /* ListaView.swift */ = {isa = PBXFileReference; lastKnownFileType = sourcecode.swift; path = ListaView.swift; sourceTree = "<group>"; };
		A12E898F2CEE88BC008B8984 /* EncabezadoView.swift */ = {isa = PBXFileReference; lastKnownFileType = sourcecode.swift; path = EncabezadoView.swift; sourceTree = "<group>"; };
		A12E89932CEE902D008B8984 /* Models.swift */ = {isa = PBXFileReference; lastKnownFileType = sourcecode.swift; path = Models.swift; sourceTree = "<group>"; };
		A12E89952CEE9464008B8984 /* RecetaCardView.swift */ = {isa = PBXFileReference; fileEncoding = 4; lastKnownFileType = sourcecode.swift; name = RecetaCardView.swift; path = ../../../.Trash/RecetaCardView.swift; sourceTree = "<group>"; };
		A174EFB92CE855AD0027FFDA /* Info.plist */ = {isa = PBXFileReference; lastKnownFileType = text.plist; path = Info.plist; sourceTree = "<group>"; };
		A1966D702CE8471000BFA083 /* Registrarse.swift */ = {isa = PBXFileReference; lastKnownFileType = sourcecode.swift; path = Registrarse.swift; sourceTree = "<group>"; };
		A1966D742CE84DC100BFA083 /* inicio.swift */ = {isa = PBXFileReference; lastKnownFileType = sourcecode.swift; path = inicio.swift; sourceTree = "<group>"; };
		FB41AF552CDF9E620031C643 /* Cocina.app */ = {isa = PBXFileReference; explicitFileType = wrapper.application; includeInIndex = 0; path = Cocina.app; sourceTree = BUILT_PRODUCTS_DIR; };
		FB41AF582CDF9E620031C643 /* CocinaApp.swift */ = {isa = PBXFileReference; lastKnownFileType = sourcecode.swift; path = CocinaApp.swift; sourceTree = "<group>"; };
		FB41AF5A2CDF9E620031C643 /* ContentView.swift */ = {isa = PBXFileReference; lastKnownFileType = sourcecode.swift; path = ContentView.swift; sourceTree = "<group>"; };
		FB41AF5C2CDF9E640031C643 /* Assets.xcassets */ = {isa = PBXFileReference; lastKnownFileType = folder.assetcatalog; path = Assets.xcassets; sourceTree = "<group>"; };
		FB41AF5E2CDF9E640031C643 /* Cocina.entitlements */ = {isa = PBXFileReference; lastKnownFileType = text.plist.entitlements; path = Cocina.entitlements; sourceTree = "<group>"; };
		FB41AF602CDF9E640031C643 /* Preview Assets.xcassets */ = {isa = PBXFileReference; lastKnownFileType = folder.assetcatalog; path = "Preview Assets.xcassets"; sourceTree = "<group>"; };
/* End PBXFileReference section */

/* Begin PBXFrameworksBuildPhase section */
		FB41AF522CDF9E620031C643 /* Frameworks */ = {
			isa = PBXFrameworksBuildPhase;
			buildActionMask = 2147483647;
			files = (
			);
			runOnlyForDeploymentPostprocessing = 0;
		};
/* End PBXFrameworksBuildPhase section */

/* Begin PBXGroup section */
		FB41AF4C2CDF9E620031C643 = {
			isa = PBXGroup;
			children = (
				FB41AF572CDF9E620031C643 /* Cocina */,
				FB41AF562CDF9E620031C643 /* Products */,
			);
			sourceTree = "<group>";
		};
		FB41AF562CDF9E620031C643 /* Products */ = {
			isa = PBXGroup;
			children = (
				FB41AF552CDF9E620031C643 /* Cocina.app */,
			);
			name = Products;
			sourceTree = "<group>";
		};
		FB41AF572CDF9E620031C643 /* Cocina */ = {
			isa = PBXGroup;
			children = (
				A174EFB92CE855AD0027FFDA /* Info.plist */,
				FB41AF582CDF9E620031C643 /* CocinaApp.swift */,
				FB41AF5A2CDF9E620031C643 /* ContentView.swift */,
				FB41AF5C2CDF9E640031C643 /* Assets.xcassets */,
				FB41AF5E2CDF9E640031C643 /* Cocina.entitlements */,
				FB41AF5F2CDF9E640031C643 /* Preview Content */,
				A1966D702CE8471000BFA083 /* Registrarse.swift */,
				A12E89852CEE666C008B8984 /* lista.swift */,
				A1966D742CE84DC100BFA083 /* inicio.swift */,
				A11CBA5E2CE8DD5500CF7DB7 /* agregarReceta.swift */,
				A11CBA602CE8DDB500CF7DB7 /* agregarIngredientes.swift */,
				A11CBA622CE8E1A200CF7DB7 /* detalleReceta.swift */,
				A12E89812CEE45DB008B8984 /* DatosJson.swift */,
				A12E89872CEE72B3008B8984 /* PerfilView.swift */,
				A12E89892CEE8803008B8984 /* MainView.swift */,
				A12E898B2CEE8831008B8984 /* MisRecetasView.swift */,
				A12E898D2CEE886A008B8984 /* ListaView.swift */,
				A12E898F2CEE88BC008B8984 /* EncabezadoView.swift */,
				A12E89932CEE902D008B8984 /* Models.swift */,
				A12E89952CEE9464008B8984 /* RecetaCardView.swift */,
				A119D38B2CF0364900AE00DF /* RecetaCompleta.swift */,
				A119D38D2CF047AC00AE00DF /* RecetaUsuario.swift */,
			);
			path = Cocina;
			sourceTree = "<group>";
		};
		FB41AF5F2CDF9E640031C643 /* Preview Content */ = {
			isa = PBXGroup;
			children = (
				FB41AF602CDF9E640031C643 /* Preview Assets.xcassets */,
			);
			path = "Preview Content";
			sourceTree = "<group>";
		};
/* End PBXGroup section */

/* Begin PBXNativeTarget section */
		FB41AF542CDF9E620031C643 /* Cocina */ = {
			isa = PBXNativeTarget;
			buildConfigurationList = FB41AF642CDF9E640031C643 /* Build configuration list for PBXNativeTarget "Cocina" */;
			buildPhases = (
				FB41AF512CDF9E620031C643 /* Sources */,
				FB41AF522CDF9E620031C643 /* Frameworks */,
				FB41AF532CDF9E620031C643 /* Resources */,
			);
			buildRules = (
			);
			dependencies = (
			);
			name = Cocina;
			productName = Cocina;
			productReference = FB41AF552CDF9E620031C643 /* Cocina.app */;
			productType = "com.apple.product-type.application";
		};
/* End PBXNativeTarget section */

/* Begin PBXProject section */
		FB41AF4D2CDF9E620031C643 /* Project object */ = {
			isa = PBXProject;
			attributes = {
				BuildIndependentTargetsInParallel = 1;
				LastSwiftUpdateCheck = 1420;
				LastUpgradeCheck = 1420;
				TargetAttributes = {
					FB41AF542CDF9E620031C643 = {
						CreatedOnToolsVersion = 14.2;
					};
				};
			};
			buildConfigurationList = FB41AF502CDF9E620031C643 /* Build configuration list for PBXProject "Cocina" */;
			compatibilityVersion = "Xcode 14.0";
			developmentRegion = en;
			hasScannedForEncodings = 0;
			knownRegions = (
				en,
				Base,
			);
			mainGroup = FB41AF4C2CDF9E620031C643;
			productRefGroup = FB41AF562CDF9E620031C643 /* Products */;
			projectDirPath = "";
			projectRoot = "";
			targets = (
				FB41AF542CDF9E620031C643 /* Cocina */,
			);
		};
/* End PBXProject section */

/* Begin PBXResourcesBuildPhase section */
		FB41AF532CDF9E620031C643 /* Resources */ = {
			isa = PBXResourcesBuildPhase;
			buildActionMask = 2147483647;
			files = (
				FB41AF612CDF9E640031C643 /* Preview Assets.xcassets in Resources */,
				FB41AF5D2CDF9E640031C643 /* Assets.xcassets in Resources */,
			);
			runOnlyForDeploymentPostprocessing = 0;
		};
/* End PBXResourcesBuildPhase section */

/* Begin PBXSourcesBuildPhase section */
		FB41AF512CDF9E620031C643 /* Sources */ = {
			isa = PBXSourcesBuildPhase;
			buildActionMask = 2147483647;
			files = (
				A1966D712CE8471000BFA083 /* Registrarse.swift in Sources */,
				A11CBA5F2CE8DD5500CF7DB7 /* agregarReceta.swift in Sources */,
				A12E898E2CEE886A008B8984 /* ListaView.swift in Sources */,
				A12E89882CEE72B3008B8984 /* PerfilView.swift in Sources */,
				A1966D752CE84DC100BFA083 /* inicio.swift in Sources */,
				FB41AF5B2CDF9E620031C643 /* ContentView.swift in Sources */,
				A11CBA612CE8DDB500CF7DB7 /* agregarIngredientes.swift in Sources */,
				A11CBA632CE8E1A200CF7DB7 /* detalleReceta.swift in Sources */,
				A119D38E2CF047AC00AE00DF /* RecetaUsuario.swift in Sources */,
				A12E89962CEE9464008B8984 /* RecetaCardView.swift in Sources */,
				A12E89902CEE88BC008B8984 /* EncabezadoView.swift in Sources */,
				A12E898A2CEE8803008B8984 /* MainView.swift in Sources */,
				A119D38C2CF0364900AE00DF /* RecetaCompleta.swift in Sources */,
				A12E89942CEE902D008B8984 /* Models.swift in Sources */,
				A12E89862CEE666C008B8984 /* lista.swift in Sources */,
				FB41AF592CDF9E620031C643 /* CocinaApp.swift in Sources */,
				A12E898C2CEE8831008B8984 /* MisRecetasView.swift in Sources */,
				A12E89822CEE45DB008B8984 /* DatosJson.swift in Sources */,
			);
			runOnlyForDeploymentPostprocessing = 0;
		};
/* End PBXSourcesBuildPhase section */

/* Begin XCBuildConfiguration section */
		FB41AF622CDF9E640031C643 /* Debug */ = {
			isa = XCBuildConfiguration;
			buildSettings = {
				ALWAYS_SEARCH_USER_PATHS = NO;
				CLANG_ANALYZER_NONNULL = YES;
				CLANG_ANALYZER_NUMBER_OBJECT_CONVERSION = YES_AGGRESSIVE;
				CLANG_CXX_LANGUAGE_STANDARD = "gnu++20";
				CLANG_ENABLE_MODULES = YES;
				CLANG_ENABLE_OBJC_ARC = YES;
				CLANG_ENABLE_OBJC_WEAK = YES;
				CLANG_WARN_BLOCK_CAPTURE_AUTORELEASING = YES;
				CLANG_WARN_BOOL_CONVERSION = YES;
				CLANG_WARN_COMMA = YES;
				CLANG_WARN_CONSTANT_CONVERSION = YES;
				CLANG_WARN_DEPRECATED_OBJC_IMPLEMENTATIONS = YES;
				CLANG_WARN_DIRECT_OBJC_ISA_USAGE = YES_ERROR;
				CLANG_WARN_DOCUMENTATION_COMMENTS = YES;
				CLANG_WARN_EMPTY_BODY = YES;
				CLANG_WARN_ENUM_CONVERSION = YES;
				CLANG_WARN_INFINITE_RECURSION = YES;
				CLANG_WARN_INT_CONVERSION = YES;
				CLANG_WARN_NON_LITERAL_NULL_CONVERSION = YES;
				CLANG_WARN_OBJC_IMPLICIT_RETAIN_SELF = YES;
				CLANG_WARN_OBJC_LITERAL_CONVERSION = YES;
				CLANG_WARN_OBJC_ROOT_CLASS = YES_ERROR;
				CLANG_WARN_QUOTED_INCLUDE_IN_FRAMEWORK_HEADER = YES;
				CLANG_WARN_RANGE_LOOP_ANALYSIS = YES;
				CLANG_WARN_STRICT_PROTOTYPES = YES;
				CLANG_WARN_SUSPICIOUS_MOVE = YES;
				CLANG_WARN_UNGUARDED_AVAILABILITY = YES_AGGRESSIVE;
				CLANG_WARN_UNREACHABLE_CODE = YES;
				CLANG_WARN__DUPLICATE_METHOD_MATCH = YES;
				COPY_PHASE_STRIP = NO;
				DEBUG_INFORMATION_FORMAT = dwarf;
				ENABLE_STRICT_OBJC_MSGSEND = YES;
				ENABLE_TESTABILITY = YES;
				GCC_C_LANGUAGE_STANDARD = gnu11;
				GCC_DYNAMIC_NO_PIC = NO;
				GCC_NO_COMMON_BLOCKS = YES;
				GCC_OPTIMIZATION_LEVEL = 0;
				GCC_PREPROCESSOR_DEFINITIONS = (
					"DEBUG=1",
					"$(inherited)",
				);
				GCC_WARN_64_TO_32_BIT_CONVERSION = YES;
				GCC_WARN_ABOUT_RETURN_TYPE = YES_ERROR;
				GCC_WARN_UNDECLARED_SELECTOR = YES;
				GCC_WARN_UNINITIALIZED_AUTOS = YES_AGGRESSIVE;
				GCC_WARN_UNUSED_FUNCTION = YES;
				GCC_WARN_UNUSED_VARIABLE = YES;
				MTL_ENABLE_DEBUG_INFO = INCLUDE_SOURCE;
				MTL_FAST_MATH = YES;
				ONLY_ACTIVE_ARCH = YES;
				SWIFT_ACTIVE_COMPILATION_CONDITIONS = DEBUG;
				SWIFT_OPTIMIZATION_LEVEL = "-Onone";
			};
			name = Debug;
		};
		FB41AF632CDF9E640031C643 /* Release */ = {
			isa = XCBuildConfiguration;
			buildSettings = {
				ALWAYS_SEARCH_USER_PATHS = NO;
				CLANG_ANALYZER_NONNULL = YES;
				CLANG_ANALYZER_NUMBER_OBJECT_CONVERSION = YES_AGGRESSIVE;
				CLANG_CXX_LANGUAGE_STANDARD = "gnu++20";
				CLANG_ENABLE_MODULES = YES;
				CLANG_ENABLE_OBJC_ARC = YES;
				CLANG_ENABLE_OBJC_WEAK = YES;
				CLANG_WARN_BLOCK_CAPTURE_AUTORELEASING = YES;
				CLANG_WARN_BOOL_CONVERSION = YES;
				CLANG_WARN_COMMA = YES;
				CLANG_WARN_CONSTANT_CONVERSION = YES;
				CLANG_WARN_DEPRECATED_OBJC_IMPLEMENTATIONS = YES;
				CLANG_WARN_DIRECT_OBJC_ISA_USAGE = YES_ERROR;
				CLANG_WARN_DOCUMENTATION_COMMENTS = YES;
				CLANG_WARN_EMPTY_BODY = YES;
				CLANG_WARN_ENUM_CONVERSION = YES;
				CLANG_WARN_INFINITE_RECURSION = YES;
				CLANG_WARN_INT_CONVERSION = YES;
				CLANG_WARN_NON_LITERAL_NULL_CONVERSION = YES;
				CLANG_WARN_OBJC_IMPLICIT_RETAIN_SELF = YES;
				CLANG_WARN_OBJC_LITERAL_CONVERSION = YES;
				CLANG_WARN_OBJC_ROOT_CLASS = YES_ERROR;
				CLANG_WARN_QUOTED_INCLUDE_IN_FRAMEWORK_HEADER = YES;
				CLANG_WARN_RANGE_LOOP_ANALYSIS = YES;
				CLANG_WARN_STRICT_PROTOTYPES = YES;
				CLANG_WARN_SUSPICIOUS_MOVE = YES;
				CLANG_WARN_UNGUARDED_AVAILABILITY = YES_AGGRESSIVE;
				CLANG_WARN_UNREACHABLE_CODE = YES;
				CLANG_WARN__DUPLICATE_METHOD_MATCH = YES;
				COPY_PHASE_STRIP = NO;
				DEBUG_INFORMATION_FORMAT = "dwarf-with-dsym";
				ENABLE_NS_ASSERTIONS = NO;
				ENABLE_STRICT_OBJC_MSGSEND = YES;
				GCC_C_LANGUAGE_STANDARD = gnu11;
				GCC_NO_COMMON_BLOCKS = YES;
				GCC_WARN_64_TO_32_BIT_CONVERSION = YES;
				GCC_WARN_ABOUT_RETURN_TYPE = YES_ERROR;
				GCC_WARN_UNDECLARED_SELECTOR = YES;
				GCC_WARN_UNINITIALIZED_AUTOS = YES_AGGRESSIVE;
				GCC_WARN_UNUSED_FUNCTION = YES;
				GCC_WARN_UNUSED_VARIABLE = YES;
				MTL_ENABLE_DEBUG_INFO = NO;
				MTL_FAST_MATH = YES;
				SWIFT_COMPILATION_MODE = wholemodule;
				SWIFT_OPTIMIZATION_LEVEL = "-O";
			};
			name = Release;
		};
		FB41AF652CDF9E640031C643 /* Debug */ = {
			isa = XCBuildConfiguration;
			buildSettings = {
				ASSETCATALOG_COMPILER_APPICON_NAME = AppIcon;
				ASSETCATALOG_COMPILER_GLOBAL_ACCENT_COLOR_NAME = AccentColor;
				CODE_SIGN_ENTITLEMENTS = Cocina/Cocina.entitlements;
				CODE_SIGN_STYLE = Automatic;
				CURRENT_PROJECT_VERSION = 1;
				DEVELOPMENT_ASSET_PATHS = "\"Cocina/Preview Content\"";
				ENABLE_PREVIEWS = YES;
				GENERATE_INFOPLIST_FILE = YES;
				INFOPLIST_FILE = Cocina/Info.plist;
				"INFOPLIST_KEY_UIApplicationSceneManifest_Generation[sdk=iphoneos*]" = YES;
				"INFOPLIST_KEY_UIApplicationSceneManifest_Generation[sdk=iphonesimulator*]" = YES;
				"INFOPLIST_KEY_UIApplicationSupportsIndirectInputEvents[sdk=iphoneos*]" = YES;
				"INFOPLIST_KEY_UIApplicationSupportsIndirectInputEvents[sdk=iphonesimulator*]" = YES;
				"INFOPLIST_KEY_UILaunchScreen_Generation[sdk=iphoneos*]" = YES;
				"INFOPLIST_KEY_UILaunchScreen_Generation[sdk=iphonesimulator*]" = YES;
				"INFOPLIST_KEY_UIStatusBarStyle[sdk=iphoneos*]" = UIStatusBarStyleDefault;
				"INFOPLIST_KEY_UIStatusBarStyle[sdk=iphonesimulator*]" = UIStatusBarStyleDefault;
				INFOPLIST_KEY_UISupportedInterfaceOrientations_iPad = "UIInterfaceOrientationPortrait UIInterfaceOrientationPortraitUpsideDown UIInterfaceOrientationLandscapeLeft UIInterfaceOrientationLandscapeRight";
				INFOPLIST_KEY_UISupportedInterfaceOrientations_iPhone = "UIInterfaceOrientationPortrait UIInterfaceOrientationLandscapeLeft UIInterfaceOrientationLandscapeRight";
				IPHONEOS_DEPLOYMENT_TARGET = 16.2;
				LD_RUNPATH_SEARCH_PATHS = "@executable_path/Frameworks";
				"LD_RUNPATH_SEARCH_PATHS[sdk=macosx*]" = "@executable_path/../Frameworks";
				MACOSX_DEPLOYMENT_TARGET = 12.7;
				MARKETING_VERSION = 1.0;
				PRODUCT_BUNDLE_IDENTIFIER = XCODE2024.Cocina;
				PRODUCT_NAME = "$(TARGET_NAME)";
				SDKROOT = auto;
				SUPPORTED_PLATFORMS = "iphoneos iphonesimulator macosx";
				SWIFT_EMIT_LOC_STRINGS = YES;
				SWIFT_VERSION = 5.0;
				TARGETED_DEVICE_FAMILY = "1,2";
			};
			name = Debug;
		};
		FB41AF662CDF9E640031C643 /* Release */ = {
			isa = XCBuildConfiguration;
			buildSettings = {
				ASSETCATALOG_COMPILER_APPICON_NAME = AppIcon;
				ASSETCATALOG_COMPILER_GLOBAL_ACCENT_COLOR_NAME = AccentColor;
				CODE_SIGN_ENTITLEMENTS = Cocina/Cocina.entitlements;
				CODE_SIGN_STYLE = Automatic;
				CURRENT_PROJECT_VERSION = 1;
				DEVELOPMENT_ASSET_PATHS = "\"Cocina/Preview Content\"";
				ENABLE_PREVIEWS = YES;
				GENERATE_INFOPLIST_FILE = YES;
				INFOPLIST_FILE = Cocina/Info.plist;
				"INFOPLIST_KEY_UIApplicationSceneManifest_Generation[sdk=iphoneos*]" = YES;
				"INFOPLIST_KEY_UIApplicationSceneManifest_Generation[sdk=iphonesimulator*]" = YES;
				"INFOPLIST_KEY_UIApplicationSupportsIndirectInputEvents[sdk=iphoneos*]" = YES;
				"INFOPLIST_KEY_UIApplicationSupportsIndirectInputEvents[sdk=iphonesimulator*]" = YES;
				"INFOPLIST_KEY_UILaunchScreen_Generation[sdk=iphoneos*]" = YES;
				"INFOPLIST_KEY_UILaunchScreen_Generation[sdk=iphonesimulator*]" = YES;
				"INFOPLIST_KEY_UIStatusBarStyle[sdk=iphoneos*]" = UIStatusBarStyleDefault;
				"INFOPLIST_KEY_UIStatusBarStyle[sdk=iphonesimulator*]" = UIStatusBarStyleDefault;
				INFOPLIST_KEY_UISupportedInterfaceOrientations_iPad = "UIInterfaceOrientationPortrait UIInterfaceOrientationPortraitUpsideDown UIInterfaceOrientationLandscapeLeft UIInterfaceOrientationLandscapeRight";
				INFOPLIST_KEY_UISupportedInterfaceOrientations_iPhone = "UIInterfaceOrientationPortrait UIInterfaceOrientationLandscapeLeft UIInterfaceOrientationLandscapeRight";
				IPHONEOS_DEPLOYMENT_TARGET = 16.2;
				LD_RUNPATH_SEARCH_PATHS = "@executable_path/Frameworks";
				"LD_RUNPATH_SEARCH_PATHS[sdk=macosx*]" = "@executable_path/../Frameworks";
				MACOSX_DEPLOYMENT_TARGET = 12.7;
				MARKETING_VERSION = 1.0;
				PRODUCT_BUNDLE_IDENTIFIER = XCODE2024.Cocina;
				PRODUCT_NAME = "$(TARGET_NAME)";
				SDKROOT = auto;
				SUPPORTED_PLATFORMS = "iphoneos iphonesimulator macosx";
				SWIFT_EMIT_LOC_STRINGS = YES;
				SWIFT_VERSION = 5.0;
				TARGETED_DEVICE_FAMILY = "1,2";
			};
			name = Release;
		};
/* End XCBuildConfiguration section */

/* Begin XCConfigurationList section */
		FB41AF502CDF9E620031C643 /* Build configuration list for PBXProject "Cocina" */ = {
			isa = XCConfigurationList;
			buildConfigurations = (
				FB41AF622CDF9E640031C643 /* Debug */,
				FB41AF632CDF9E640031C643 /* Release */,
			);
			defaultConfigurationIsVisible = 0;
			defaultConfigurationName = Release;
		};
		FB41AF642CDF9E640031C643 /* Build configuration list for PBXNativeTarget "Cocina" */ = {
			isa = XCConfigurationList;
			buildConfigurations = (
				FB41AF652CDF9E640031C643 /* Debug */,
				FB41AF662CDF9E640031C643 /* Release */,
			);
			defaultConfigurationIsVisible = 0;
			defaultConfigurationName = Release;
		};
/* End XCConfigurationList section */
	};
	rootObject = FB41AF4D2CDF9E620031C643 /* Project object */;
}
